
Microsoft Visual Studio Solution File, Format Version 12.00
# Visual Studio 2012
Project("{FAE04EC0-301F-11D3-BF4B-00C04F79EFBC}") = "MedicalDanilo", "MedicalDanilo\MedicalDanilo.csproj", "{7DFFCD6F-B03F-466D-8D85-1849A99838CE}"
EndProject
Project("{FAE04EC0-301F-11D3-BF4B-00C04F79EFBC}") = "PhotoSnapShoot", "PhotoSnapShoot\PhotoSnapShoot.csproj", "{279D5CAE-BE78-40D5-B3A8-A30BCC2BF218}"
EndProject
Project("{FAE04EC0-301F-11D3-BF4B-00C04F79EFBC}") = "Utilities", "Utilities\Utilities.csproj", "{A56BBC95-FD7E-4BE9-A2B1-49858B983EDB}"
EndProject
Project("{FAE04EC0-301F-11D3-BF4B-00C04F79EFBC}") = "ScheduleControl", "ScheduleControl\ScheduleControl.csproj", "{9F4FE01F-0CE9-4A87-A8B6-785030D37EDC}"
EndProject
Project("{FAE04EC0-301F-11D3-BF4B-00C04F79EFBC}") = "MedicalDefinition", "MedicalDefinition\MedicalDefinition.csproj", "{CDAC9C8C-2EBD-4907-A7B6-61E52896EE66}"
EndProject
Global
	GlobalSection(SolutionConfigurationPlatforms) = preSolution
		Debug|Any CPU = Debug|Any CPU
		Debug|Mixed Platforms = Debug|Mixed Platforms
		Debug|x86 = Debug|x86
		Release|Any CPU = Release|Any CPU
		Release|Mixed Platforms = Release|Mixed Platforms
		Release|x86 = Release|x86
	EndGlobalSection
	GlobalSection(ProjectConfigurationPlatforms) = postSolution
		{7DFFCD6F-B03F-466D-8D85-1849A99838CE}.Debug|Any CPU.ActiveCfg = Debug|x86
		{7DFFCD6F-B03F-466D-8D85-1849A99838CE}.Debug|Mixed Platforms.ActiveCfg = Debug|x86
		{7DFFCD6F-B03F-466D-8D85-1849A99838CE}.Debug|Mixed Platforms.Build.0 = Debug|x86
		{7DFFCD6F-B03F-466D-8D85-1849A99838CE}.Debug|x86.ActiveCfg = Debug|x86
		{7DFFCD6F-B03F-466D-8D85-1849A99838CE}.Debug|x86.Build.0 = Debug|x86
		{7DFFCD6F-B03F-466D-8D85-1849A99838CE}.Release|Any CPU.ActiveCfg = Release|x86
		{7DFFCD6F-B03F-466D-8D85-1849A99838CE}.Release|Mixed Platforms.ActiveCfg = Release|x86
		{7DFFCD6F-B03F-466D-8D85-1849A99838CE}.Release|Mixed Platforms.Build.0 = Release|x86
		{7DFFCD6F-B03F-466D-8D85-1849A99838CE}.Release|x86.ActiveCfg = Release|x86
		{7DFFCD6F-B03F-466D-8D85-1849A99838CE}.Release|x86.Build.0 = Release|x86
		{279D5CAE-BE78-40D5-B3A8-A30BCC2BF218}.Debug|Any CPU.ActiveCfg = Debug|Any CPU
		{279D5CAE-BE78-40D5-B3A8-A30BCC2BF218}.Debug|Any CPU.Build.0 = Debug|Any CPU
		{279D5CAE-BE78-40D5-B3A8-A30BCC2BF218}.Debug|Mixed Platforms.ActiveCfg = Debug|Any CPU
		{279D5CAE-BE78-40D5-B3A8-A30BCC2BF218}.Debug|Mixed Platforms.Build.0 = Debug|Any CPU
		{279D5CAE-BE78-40D5-B3A8-A30BCC2BF218}.Debug|x86.ActiveCfg = Debug|Any CPU
		{279D5CAE-BE78-40D5-B3A8-A30BCC2BF218}.Release|Any CPU.ActiveCfg = Release|Any CPU
		{279D5CAE-BE78-40D5-B3A8-A30BCC2BF218}.Release|Any CPU.Build.0 = Release|Any CPU
		{279D5CAE-BE78-40D5-B3A8-A30BCC2BF218}.Release|Mixed Platforms.ActiveCfg = Release|Any CPU
		{279D5CAE-BE78-40D5-B3A8-A30BCC2BF218}.Release|Mixed Platforms.Build.0 = Release|Any CPU
		{279D5CAE-BE78-40D5-B3A8-A30BCC2BF218}.Release|x86.ActiveCfg = Release|Any CPU
		{A56BBC95-FD7E-4BE9-A2B1-49858B983EDB}.Debug|Any CPU.ActiveCfg = Debug|Any CPU
		{A56BBC95-FD7E-4BE9-A2B1-49858B983EDB}.Debug|Any CPU.Build.0 = Debug|Any CPU
		{A56BBC95-FD7E-4BE9-A2B1-49858B983EDB}.Debug|Mixed Platforms.ActiveCfg = Debug|Any CPU
		{A56BBC95-FD7E-4BE9-A2B1-49858B983EDB}.Debug|Mixed Platforms.Build.0 = Debug|Any CPU
		{A56BBC95-FD7E-4BE9-A2B1-49858B983EDB}.Debug|x86.ActiveCfg = Debug|Any CPU
		{A56BBC95-FD7E-4BE9-A2B1-49858B983EDB}.Release|Any CPU.ActiveCfg = Release|Any CPU
		{A56BBC95-FD7E-4BE9-A2B1-49858B983EDB}.Release|Any CPU.Build.0 = Release|Any CPU
		{A56BBC95-FD7E-4BE9-A2B1-49858B983EDB}.Release|Mixed Platforms.ActiveCfg = Release|Any CPU
		{A56BBC95-FD7E-4BE9-A2B1-49858B983EDB}.Release|Mixed Platforms.Build.0 = Release|Any CPU
		{A56BBC95-FD7E-4BE9-A2B1-49858B983EDB}.Release|x86.ActiveCfg = Release|Any CPU
		{9F4FE01F-0CE9-4A87-A8B6-785030D37EDC}.Debug|Any CPU.ActiveCfg = Debug|Any CPU
		{9F4FE01F-0CE9-4A87-A8B6-785030D37EDC}.Debug|Any CPU.Build.0 = Debug|Any CPU
		{9F4FE01F-0CE9-4A87-A8B6-785030D37EDC}.Debug|Mixed Platforms.ActiveCfg = Debug|Any CPU
		{9F4FE01F-0CE9-4A87-A8B6-785030D37EDC}.Debug|Mixed Platforms.Build.0 = Debug|Any CPU
		{9F4FE01F-0CE9-4A87-A8B6-785030D37EDC}.Debug|x86.ActiveCfg = Debug|Any CPU
		{9F4FE01F-0CE9-4A87-A8B6-785030D37EDC}.Release|Any CPU.ActiveCfg = Release|Any CPU
		{9F4FE01F-0CE9-4A87-A8B6-785030D37EDC}.Release|Any CPU.Build.0 = Release|Any CPU
		{9F4FE01F-0CE9-4A87-A8B6-785030D37EDC}.Release|Mixed Platforms.ActiveCfg = Release|Any CPU
		{9F4FE01F-0CE9-4A87-A8B6-785030D37EDC}.Release|Mixed Platforms.Build.0 = Release|Any CPU
		{9F4FE01F-0CE9-4A87-A8B6-785030D37EDC}.Release|x86.ActiveCfg = Release|Any CPU
		{CDAC9C8C-2EBD-4907-A7B6-61E52896EE66}.Debug|Any CPU.ActiveCfg = Debug|Any CPU
		{CDAC9C8C-2EBD-4907-A7B6-61E52896EE66}.Debug|Any CPU.Build.0 = Debug|Any CPU
		{CDAC9C8C-2EBD-4907-A7B6-61E52896EE66}.Debug|Mixed Platforms.ActiveCfg = Debug|Any CPU
		{CDAC9C8C-2EBD-4907-A7B6-61E52896EE66}.Debug|Mixed Platforms.Build.0 = Debug|Any CPU
		{CDAC9C8C-2EBD-4907-A7B6-61E52896EE66}.Debug|x86.ActiveCfg = Debug|Any CPU
		{CDAC9C8C-2EBD-4907-A7B6-61E52896EE66}.Release|Any CPU.ActiveCfg = Release|Any CPU
		{CDAC9C8C-2EBD-4907-A7B6-61E52896EE66}.Release|Any CPU.Build.0 = Release|Any CPU
		{CDAC9C8C-2EBD-4907-A7B6-61E52896EE66}.Release|Mixed Platforms.ActiveCfg = Release|Any CPU
		{CDAC9C8C-2EBD-4907-A7B6-61E52896EE66}.Release|Mixed Platforms.Build.0 = Release|Any CPU
		{CDAC9C8C-2EBD-4907-A7B6-61E52896EE66}.Release|x86.ActiveCfg = Release|Any CPU
	EndGlobalSection
	GlobalSection(SolutionProperties) = preSolution
		HideSolutionNode = FALSE
	EndGlobalSection
EndGlobal
